<?xml version="1.0" encoding="utf-8"?>
<Project ToolsVersion="4.0" xmlns="http://schemas.microsoft.com/developer/msbuild/2003">
  <ItemGroup>
    <Filter Include="Source Files">
      <UniqueIdentifier>{4FC737F1-C7A5-4376-A066-2A32D752A2FF}</UniqueIdentifier>
      <Extensions>cpp;c;cc;cxx;c++;cppm;ixx;def;odl;idl;hpj;bat;asm;asmx</Extensions>
    </Filter>
    <Filter Include="Header Files">
      <UniqueIdentifier>{93995380-89BD-4b04-88EB-625FBE52EBFB}</UniqueIdentifier>
      <Extensions>h;hh;hpp;hxx;h++;hm;inl;inc;ipp;xsd</Extensions>
    </Filter>
    <Filter Include="Header Files\BattleSystem">
      <UniqueIdentifier>{7f6fd9cb-d797-4111-8ed8-abf6a73e154e}</UniqueIdentifier>
    </Filter>
    <Filter Include="Header Files\MenuSystem">
      <UniqueIdentifier>{82135fd1-915e-488d-8441-447248fcd8ea}</UniqueIdentifier>
    </Filter>
    <Filter Include="Header Files\GraphicsSystem">
      <UniqueIdentifier>{a43c4e3d-a2c6-4900-9bbd-64c6c68eb99d}</UniqueIdentifier>
    </Filter>
    <Filter Include="Header Files\GeneralSystem">
      <UniqueIdentifier>{00de4291-614b-46e3-838f-b3b550ef3956}</UniqueIdentifier>
    </Filter>
    <Filter Include="Header Files\OverworldSystem">
      <UniqueIdentifier>{59b87337-0b83-4990-84f2-7a7e3ad1fa6f}</UniqueIdentifier>
    </Filter>
    <Filter Include="Source Files\BattleSystem">
      <UniqueIdentifier>{10e343ff-6aa5-41ad-93f5-3fc6a27435a9}</UniqueIdentifier>
    </Filter>
    <Filter Include="Source Files\GeneralSystem">
      <UniqueIdentifier>{9b452978-b8d8-4e18-810b-dfbb7f02728e}</UniqueIdentifier>
    </Filter>
    <Filter Include="Source Files\GraphicsSystem">
      <UniqueIdentifier>{948b4661-04a2-4adc-b4e7-f9d79529b12f}</UniqueIdentifier>
    </Filter>
    <Filter Include="Source Files\MenuSystem">
      <UniqueIdentifier>{86b883fc-3dfa-4a29-ad18-b3bd1a166f0b}</UniqueIdentifier>
    </Filter>
    <Filter Include="Resource Files">
      <UniqueIdentifier>{67DA6AB6-F800-4c08-8B7A-83BB121AAD01}</UniqueIdentifier>
      <Extensions>rc;ico;cur;bmp;dlg;rc2;rct;bin;rgs;gif;jpg;jpeg;jpe;resx;tiff;tif;png;wav;mfcribbon-ms</Extensions>
    </Filter>
    <Filter Include="Source Files\OverworldSystem">
      <UniqueIdentifier>{e76f8b18-4e69-48ff-baae-3dcf10908201}</UniqueIdentifier>
    </Filter>
    <Filter Include="Header Files\Objects">
      <UniqueIdentifier>{81f1917d-bc78-4b4b-8254-52a12c839c60}</UniqueIdentifier>
    </Filter>
    <Filter Include="Source Files\Objects">
      <UniqueIdentifier>{ba04b4de-f564-4b9a-a155-530486cf20db}</UniqueIdentifier>
    </Filter>
    <Filter Include="Source Files\AudioSystem">
      <UniqueIdentifier>{33c913c1-01d3-4661-80e0-105abab5dae9}</UniqueIdentifier>
    </Filter>
    <Filter Include="Header Files\AudioSystem">
      <UniqueIdentifier>{d8f642d9-1659-40af-8907-f672654ed6d1}</UniqueIdentifier>
    </Filter>
    <Filter Include="Header Files\EventSystem">
      <UniqueIdentifier>{b7bfd204-71a1-4765-869b-e01de5e00b0c}</UniqueIdentifier>
    </Filter>
    <Filter Include="Source Files\EventSystem">
      <UniqueIdentifier>{84eec352-68a5-4a5b-b9ea-34ca46c43149}</UniqueIdentifier>
    </Filter>
  </ItemGroup>
  <ItemGroup>
    <ClCompile Include="battleScene.cpp">
      <Filter>Source Files\BattleSystem</Filter>
    </ClCompile>
    <ClCompile Include="graphics.cpp">
      <Filter>Source Files\GraphicsSystem</Filter>
    </ClCompile>
    <ClCompile Include="image.cpp">
      <Filter>Source Files\GraphicsSystem</Filter>
    </ClCompile>
    <ClCompile Include="textDX.cpp">
      <Filter>Source Files\GraphicsSystem</Filter>
    </ClCompile>
    <ClCompile Include="texturemanager.cpp">
      <Filter>Source Files\GraphicsSystem</Filter>
    </ClCompile>
    <ClCompile Include="userinterface.cpp">
      <Filter>Source Files\GraphicsSystem</Filter>
    </ClCompile>
    <ClCompile Include="startingMenu.cpp">
      <Filter>Source Files\MenuSystem</Filter>
    </ClCompile>
    <ClCompile Include="StartingRoom.cpp">
      <Filter>Source Files\OverworldSystem</Filter>
    </ClCompile>
    <ClCompile Include="game.cpp">
      <Filter>Source Files\GeneralSystem</Filter>
    </ClCompile>
    <ClCompile Include="input.cpp">
      <Filter>Source Files\GeneralSystem</Filter>
    </ClCompile>
    <ClCompile Include="sceneManager.cpp">
      <Filter>Source Files\GeneralSystem</Filter>
    </ClCompile>
    <ClCompile Include="winmain.cpp">
      <Filter>Source Files\GeneralSystem</Filter>
    </ClCompile>
    <ClCompile Include="battleUI.cpp">
      <Filter>Source Files\BattleSystem</Filter>
    </ClCompile>
    <ClCompile Include="pauseMenu.cpp">
      <Filter>Source Files\MenuSystem</Filter>
    </ClCompile>
    <ClCompile Include="characterBattleManager.cpp">
      <Filter>Source Files\BattleSystem</Filter>
    </ClCompile>
    <ClCompile Include="gameState.cpp">
      <Filter>Source Files\GeneralSystem</Filter>
    </ClCompile>
    <ClCompile Include="Entity.cpp">
      <Filter>Source Files\Objects</Filter>
    </ClCompile>
    <ClCompile Include="Player.cpp">
      <Filter>Source Files\Objects</Filter>
    </ClCompile>
    <ClCompile Include="character.cpp">
      <Filter>Source Files\Objects</Filter>
    </ClCompile>
    <ClCompile Include="audio.cpp">
      <Filter>Source Files\AudioSystem</Filter>
    </ClCompile>
    <ClCompile Include="audioEngine.cpp">
      <Filter>Source Files\AudioSystem</Filter>
    </ClCompile>
    <ClCompile Include="mail.cpp">
      <Filter>Source Files\EventSystem</Filter>
    </ClCompile>
    <ClCompile Include="postOffice.cpp">
      <Filter>Source Files\EventSystem</Filter>
    </ClCompile>
    <ClCompile Include="World.cpp">
      <Filter>Source Files\Objects</Filter>
    </ClCompile>
    <ClCompile Include="EntityManager.cpp">
      <Filter>Source Files\Objects</Filter>
    </ClCompile>
    <ClCompile Include="Interactable.cpp">
      <Filter>Source Files\Objects</Filter>
    </ClCompile>
    <ClCompile Include="EntityManagerV2.cpp">
      <Filter>Source Files\Objects</Filter>
    </ClCompile>
    <ClCompile Include="menuList.cpp">
      <Filter>Source Files\MenuSystem</Filter>
    </ClCompile>
    <ClCompile Include="Overworld.cpp">
      <Filter>Source Files\OverworldSystem</Filter>
    </ClCompile>
  </ItemGroup>
  <ItemGroup>
    <ClInclude Include="battleScene.h">
      <Filter>Header Files\BattleSystem</Filter>
    </ClInclude>
    <ClInclude Include="StartingRoom.h">
      <Filter>Header Files\OverworldSystem</Filter>
    </ClInclude>
    <ClInclude Include="startingMenu.h">
      <Filter>Header Files\MenuSystem</Filter>
    </ClInclude>
    <ClInclude Include="userinterface.h">
      <Filter>Header Files\GraphicsSystem</Filter>
    </ClInclude>
    <ClInclude Include="texturemanager.h">
      <Filter>Header Files\GraphicsSystem</Filter>
    </ClInclude>
    <ClInclude Include="textDX.h">
      <Filter>Header Files\GraphicsSystem</Filter>
    </ClInclude>
    <ClInclude Include="image.h">
      <Filter>Header Files\GraphicsSystem</Filter>
    </ClInclude>
    <ClInclude Include="graphics.h">
      <Filter>Header Files\GraphicsSystem</Filter>
    </ClInclude>
    <ClInclude Include="sceneManager.h">
      <Filter>Header Files\GeneralSystem</Filter>
    </ClInclude>
    <ClInclude Include="constants.h">
      <Filter>Header Files\GeneralSystem</Filter>
    </ClInclude>
    <ClInclude Include="game.h">
      <Filter>Header Files\GeneralSystem</Filter>
    </ClInclude>
    <ClInclude Include="gameerror.h">
      <Filter>Header Files\GeneralSystem</Filter>
    </ClInclude>
    <ClInclude Include="input.h">
      <Filter>Header Files\GeneralSystem</Filter>
    </ClInclude>
    <ClInclude Include="scene.h">
      <Filter>Header Files\GeneralSystem</Filter>
    </ClInclude>
    <ClInclude Include="battleUI.h">
      <Filter>Header Files\BattleSystem</Filter>
    </ClInclude>
    <ClInclude Include="pauseMenu.h">
      <Filter>Header Files\MenuSystem</Filter>
    </ClInclude>
    <ClInclude Include="menuOption.h">
      <Filter>Header Files\MenuSystem</Filter>
    </ClInclude>
    <ClInclude Include="characterBattleManager.h">
      <Filter>Header Files\BattleSystem</Filter>
    </ClInclude>
    <ClInclude Include="gameState.h">
      <Filter>Header Files\GeneralSystem</Filter>
    </ClInclude>
    <ClInclude Include="Entity.h">
      <Filter>Header Files\Objects</Filter>
    </ClInclude>
    <ClInclude Include="Interactable.h">
      <Filter>Header Files\Objects</Filter>
    </ClInclude>
    <ClInclude Include="Player.h">
      <Filter>Header Files\Objects</Filter>
    </ClInclude>
    <ClInclude Include="NPC.h">
      <Filter>Header Files\Objects</Filter>
    </ClInclude>
    <ClInclude Include="audio.h">
      <Filter>Header Files\AudioSystem</Filter>
    </ClInclude>
    <ClInclude Include="audioEngine.h">
      <Filter>Header Files\AudioSystem</Filter>
    </ClInclude>
    <ClInclude Include="postOffice.h">
      <Filter>Header Files\EventSystem</Filter>
    </ClInclude>
    <ClInclude Include="mail.h">
      <Filter>Header Files\EventSystem</Filter>
    </ClInclude>
    <ClInclude Include="eventQueue.h">
      <Filter>Header Files\EventSystem</Filter>
    </ClInclude>
    <ClInclude Include="Character.h">
      <Filter>Header Files\Objects</Filter>
    </ClInclude>
    <ClInclude Include="World.h">
      <Filter>Header Files\Objects</Filter>
    </ClInclude>
    <ClInclude Include="EntityManager.h">
      <Filter>Header Files\Objects</Filter>
    </ClInclude>
    <ClInclude Include="EntityManagerV2.h">
      <Filter>Header Files\Objects</Filter>
    </ClInclude>
    <ClInclude Include="stack.hpp">
      <Filter>Header Files</Filter>
    </ClInclude>
    <ClInclude Include="Overworld.h">
      <Filter>Header Files\OverworldSystem</Filter>
    </ClInclude>
  </ItemGroup>
  <ItemGroup>
    <None Include="packages.config" />
  </ItemGroup>
</Project>